
Microsoft Visual Studio Solution File, Format Version 12.00
# Visual Studio Version 16
VisualStudioVersion = 16.0.31321.278
MinimumVisualStudioVersion = 10.0.40219.1
Project("{FAE04EC0-301F-11D3-BF4B-00C04F79EFBC}") = "Analytics.API", "Analytics.API\Analytics.API.csproj", "{97CECB9F-DE53-42C3-82CA-0293E75E904C}"
EndProject
Project("{FAE04EC0-301F-11D3-BF4B-00C04F79EFBC}") = "Analytics.API.Test", "Analytics.API.Test\Analytics.API.Test.csproj", "{2AF3C572-410E-4A9D-B826-94F65759208D}"
EndProject
Global
	GlobalSection(SolutionConfigurationPlatforms) = preSolution
		Debug|Any CPU = Debug|Any CPU
		Release|Any CPU = Release|Any CPU
	EndGlobalSection
	GlobalSection(ProjectConfigurationPlatforms) = postSolution
		{97CECB9F-DE53-42C3-82CA-0293E75E904C}.Debug|Any CPU.ActiveCfg = Debug|Any CPU
		{97CECB9F-DE53-42C3-82CA-0293E75E904C}.Debug|Any CPU.Build.0 = Debug|Any CPU
		{97CECB9F-DE53-42C3-82CA-0293E75E904C}.Release|Any CPU.ActiveCfg = Release|Any CPU
		{97CECB9F-DE53-42C3-82CA-0293E75E904C}.Release|Any CPU.Build.0 = Release|Any CPU
		{2AF3C572-410E-4A9D-B826-94F65759208D}.Debug|Any CPU.ActiveCfg = Debug|Any CPU
		{2AF3C572-410E-4A9D-B826-94F65759208D}.Debug|Any CPU.Build.0 = Debug|Any CPU
		{2AF3C572-410E-4A9D-B826-94F65759208D}.Release|Any CPU.ActiveCfg = Release|Any CPU
		{2AF3C572-410E-4A9D-B826-94F65759208D}.Release|Any CPU.Build.0 = Release|Any CPU
	EndGlobalSection
	GlobalSection(SolutionProperties) = preSolution
		HideSolutionNode = FALSE
	EndGlobalSection
	GlobalSection(ExtensibilityGlobals) = postSolution
		SolutionGuid = {CA5A216B-B363-41FD-8C9A-4DE1C3929655}
	EndGlobalSection
EndGlobal
